
Microsoft Visual Studio Solution File, Format Version 12.00
# Visual Studio Version 16
VisualStudioVersion = 16.0.30114.105
MinimumVisualStudioVersion = 10.0.40219.1
Project("{FAE04EC0-301F-11D3-BF4B-00C04F79EFBC}") = "RestWithAspNet", "RestWithAspNet\RestWithAspNet.csproj", "{04CDA613-D2DD-4EE3-AB9B-6833E06F05B1}"
EndProject
Global
	GlobalSection(SolutionConfigurationPlatforms) = preSolution
		Debug|Any CPU = Debug|Any CPU
		Debug|x64 = Debug|x64
		Debug|x86 = Debug|x86
		Release|Any CPU = Release|Any CPU
		Release|x64 = Release|x64
		Release|x86 = Release|x86
	EndGlobalSection
	GlobalSection(ProjectConfigurationPlatforms) = postSolution
		{04CDA613-D2DD-4EE3-AB9B-6833E06F05B1}.Debug|Any CPU.ActiveCfg = Debug|Any CPU
		{04CDA613-D2DD-4EE3-AB9B-6833E06F05B1}.Debug|Any CPU.Build.0 = Debug|Any CPU
		{04CDA613-D2DD-4EE3-AB9B-6833E06F05B1}.Debug|x64.ActiveCfg = Debug|Any CPU
		{04CDA613-D2DD-4EE3-AB9B-6833E06F05B1}.Debug|x64.Build.0 = Debug|Any CPU
		{04CDA613-D2DD-4EE3-AB9B-6833E06F05B1}.Debug|x86.ActiveCfg = Debug|Any CPU
		{04CDA613-D2DD-4EE3-AB9B-6833E06F05B1}.Debug|x86.Build.0 = Debug|Any CPU
		{04CDA613-D2DD-4EE3-AB9B-6833E06F05B1}.Release|Any CPU.ActiveCfg = Release|Any CPU
		{04CDA613-D2DD-4EE3-AB9B-6833E06F05B1}.Release|Any CPU.Build.0 = Release|Any CPU
		{04CDA613-D2DD-4EE3-AB9B-6833E06F05B1}.Release|x64.ActiveCfg = Release|Any CPU
		{04CDA613-D2DD-4EE3-AB9B-6833E06F05B1}.Release|x64.Build.0 = Release|Any CPU
		{04CDA613-D2DD-4EE3-AB9B-6833E06F05B1}.Release|x86.ActiveCfg = Release|Any CPU
		{04CDA613-D2DD-4EE3-AB9B-6833E06F05B1}.Release|x86.Build.0 = Release|Any CPU
	EndGlobalSection
	GlobalSection(SolutionProperties) = preSolution
		HideSolutionNode = FALSE
	EndGlobalSection
	GlobalSection(ExtensibilityGlobals) = postSolution
		SolutionGuid = {8B79E489-E5B3-4968-99B2-82778A58267D}
	EndGlobalSection
EndGlobal
